dependencies:
  espressif/mdns:
    component_hash: 31117d76cae83a6d83ffd7f035f6fdae5bd05b914fc30b641afeb208b84de19a
    source:
      service_url: https://api.components.espressif.com/
      type: service
    version: 1.3.2
  idf:
    component_hash: null
    source:
      type: idf
    version: 5.0.1
manifest_hash: 0ac850a9a2c603bc861a89c41c5a35591ee1117ab81589141c7c200599883246
target: esp32
version: 1.0.0
